PODS:
  - Realm (10.23.0):
    - Realm/Headers (= 10.23.0)
  - Realm/Headers (10.23.0)
  - RealmSwift (10.23.0):
    - Realm (= 10.23.0)

DEPENDENCIES:
  - RealmSwift

SPEC REPOS:
  trunk:
    - Realm
    - RealmSwift

SPEC CHECKSUMS:
  Realm: bdac9baede54becb2883f319fc50e9e12b35235c
  RealmSwift: e083456e083dcfd6ef9087cdde6b031ec6224783

PODFILE CHECKSUM: 23f49b95144621c637b33a8a1096e870c66c4d8b

COCOAPODS: 1.11.2
